
Microsoft Visual Studio Solution File, Format Version 12.00
# Visual Studio Version 16
VisualStudioVersion = 16.0.31112.23
MinimumVisualStudioVersion = 10.0.40219.1
Project("{FAE04EC0-301F-11D3-BF4B-00C04F79EFBC}") = "PhotoGraph", "PhotoGraph.csproj", "{C25AA973-66A3-4FF0-A40F-DD451ED14307}"
EndProject
Global
	GlobalSection(SolutionConfigurationPlatforms) = preSolution
		Debug|Any CPU = Debug|Any CPU
		Release|Any CPU = Release|Any CPU
	EndGlobalSection
	GlobalSection(ProjectConfigurationPlatforms) = postSolution
		{C25AA973-66A3-4FF0-A40F-DD451ED14307}.Debug|Any CPU.ActiveCfg = Debug|Any CPU
		{C25AA973-66A3-4FF0-A40F-DD451ED14307}.Debug|Any CPU.Build.0 = Debug|Any CPU
		{C25AA973-66A3-4FF0-A40F-DD451ED14307}.Release|Any CPU.ActiveCfg = Release|Any CPU
		{C25AA973-66A3-4FF0-A40F-DD451ED14307}.Release|Any CPU.Build.0 = Release|Any CPU
	EndGlobalSection
	GlobalSection(SolutionProperties) = preSolution
		HideSolutionNode = FALSE
	EndGlobalSection
	GlobalSection(ExtensibilityGlobals) = postSolution
		SolutionGuid = {74DE6B13-8439-4271-BF90-9272888F83B1}
	EndGlobalSection
EndGlobal
